
Microsoft Visual Studio Solution File, Format Version 12.00
# Visual Studio Version 17
VisualStudioVersion = 17.8.34511.84
MinimumVisualStudioVersion = 10.0.40219.1
Project("{FAE04EC0-301F-11D3-BF4B-00C04F79EFBC}") = "IntroductionToBootstrapAlerts", "IntroductionToBootstrapAlerts\IntroductionToBootstrapAlerts.csproj", "{DE26C107-1E91-421A-911A-9FD46E6A3EAA}"
EndProject
Global
	GlobalSection(SolutionConfigurationPlatforms) = preSolution
		Debug|Any CPU = Debug|Any CPU
		Release|Any CPU = Release|Any CPU
	EndGlobalSection
	GlobalSection(ProjectConfigurationPlatforms) = postSolution
		{DE26C107-1E91-421A-911A-9FD46E6A3EAA}.Debug|Any CPU.ActiveCfg = Debug|Any CPU
		{DE26C107-1E91-421A-911A-9FD46E6A3EAA}.Debug|Any CPU.Build.0 = Debug|Any CPU
		{DE26C107-1E91-421A-911A-9FD46E6A3EAA}.Release|Any CPU.ActiveCfg = Release|Any CPU
		{DE26C107-1E91-421A-911A-9FD46E6A3EAA}.Release|Any CPU.Build.0 = Release|Any CPU
	EndGlobalSection
	GlobalSection(SolutionProperties) = preSolution
		HideSolutionNode = FALSE
	EndGlobalSection
	GlobalSection(ExtensibilityGlobals) = postSolution
		SolutionGuid = {9F3609CC-165A-4CE8-A5A1-04046558AC52}
	EndGlobalSection
EndGlobal
